
Microsoft Visual Studio Solution File, Format Version 12.00
# Visual Studio 15
VisualStudioVersion = 15.0.27703.2047
MinimumVisualStudioVersion = 10.0.40219.1
Project("{FAE04EC0-301F-11D3-BF4B-00C04F79EFBC}") = "CommunalPayments", "CommunalPayments.csproj", "{7198A04F-D278-4924-86E8-D2633CB7E1CB}"
EndProject
Project("{00D1A9C2-B5F0-4AF3-8072-F6C62B433612}") = "DatabaseProject", "..\DatabaseProject\DatabaseProject.sqlproj", "{F74FA076-8DC3-40ED-9D65-D0291671DCE2}"
EndProject
Global
	GlobalSection(SolutionConfigurationPlatforms) = preSolution
		Debug|Any CPU = Debug|Any CPU
		Release|Any CPU = Release|Any CPU
	EndGlobalSection
	GlobalSection(ProjectConfigurationPlatforms) = postSolution
		{7198A04F-D278-4924-86E8-D2633CB7E1CB}.Debug|Any CPU.ActiveCfg = Debug|Any CPU
		{7198A04F-D278-4924-86E8-D2633CB7E1CB}.Debug|Any CPU.Build.0 = Debug|Any CPU
		{7198A04F-D278-4924-86E8-D2633CB7E1CB}.Release|Any CPU.ActiveCfg = Release|Any CPU
		{7198A04F-D278-4924-86E8-D2633CB7E1CB}.Release|Any CPU.Build.0 = Release|Any CPU
		{F74FA076-8DC3-40ED-9D65-D0291671DCE2}.Debug|Any CPU.ActiveCfg = Debug|Any CPU
		{F74FA076-8DC3-40ED-9D65-D0291671DCE2}.Debug|Any CPU.Build.0 = Debug|Any CPU
		{F74FA076-8DC3-40ED-9D65-D0291671DCE2}.Debug|Any CPU.Deploy.0 = Debug|Any CPU
		{F74FA076-8DC3-40ED-9D65-D0291671DCE2}.Release|Any CPU.ActiveCfg = Release|Any CPU
		{F74FA076-8DC3-40ED-9D65-D0291671DCE2}.Release|Any CPU.Build.0 = Release|Any CPU
		{F74FA076-8DC3-40ED-9D65-D0291671DCE2}.Release|Any CPU.Deploy.0 = Release|Any CPU
	EndGlobalSection
	GlobalSection(SolutionProperties) = preSolution
		HideSolutionNode = FALSE
	EndGlobalSection
	GlobalSection(ExtensibilityGlobals) = postSolution
		SolutionGuid = {B09E074F-0F64-46F2-A88A-67FBDA8D7896}
	EndGlobalSection
EndGlobal
